{
  "originHash" : "f98816e567f66e48a67a10b5e679904ab96255a059b9c42e7c4d8feb0d9ec290",
  "pins" : [
    {
      "identity" : "amsmb2",
      "kind" : "remoteSourceControl",
      "location" : "https://github.com/amosavian/AMSMB2.git",
      "state" : {
        "revision" : "1726aaaf7adf63d7d1d2a0c5d1b0e635028215c0",
        "version" : "4.0.3"
      }
    }
  ],
  "version" : 3
}
