{
  "originHash" : "7ab0f72dbab1cde2ccb27fadf80323e09783252394a24653c0c3f34a2b5a30ec",
  "pins" : [
    {
      "identity" : "amsmb2",
      "kind" : "remoteSourceControl",
      "location" : "https://github.com/amosavian/AMSMB2.git",
      "state" : {
        "revision" : "1726aaaf7adf63d7d1d2a0c5d1b0e635028215c0",
        "version" : "4.0.3"
      }
    },
    {
      "identity" : "mpvkit",
      "kind" : "remoteSourceControl",
      "location" : "https://github.com/mpvkit/MPVKit.git",
      "state" : {
        "revision" : "613c0ccc3acf70e136aaff880a9b5fe8fdfaf5b8",
        "version" : "0.41.0"
      }
    },
    {
      "identity" : "realitykitscripting",
      "kind" : "remoteSourceControl",
      "location" : "https://github.com/apple/realitykitscripting.git",
      "state" : {
        "branch" : "main",
        "revision" : "e0a8a395f3c0f935e98df715f021770dcd3f47f1"
      }
    },
    {
      "identity" : "swift-syntax",
      "kind" : "remoteSourceControl",
      "location" : "https://github.com/swiftlang/swift-syntax.git",
      "state" : {
        "revision" : "79e4b74a295b6eb74a8b585e3a39d29e70c1dbd1",
        "version" : "603.0.2"
      }
    }
  ],
  "version" : 3
}
