// !$*UTF8*$!
{
	archiveVersion = 1;
	classes = {
	};
	objectVersion = 77;
	objects = {

/* Begin PBXBuildFile section */
		A4C19F9F2FD1000100AABBCC /* AMSMB2 in Frameworks */ = {isa = PBXBuildFile; productRef = A4C19F9E2FD1000100AABBCC /* AMSMB2 */; };
		A4C19FA02FD1000100AABBCC /* AMSMB2 in Embed Frameworks */ = {isa = PBXBuildFile; productRef = A4C19F9E2FD1000100AABBCC /* AMSMB2 */; settings = {ATTRIBUTES = (CodeSignOnCopy, RemoveHeadersOnCopy, ); }; };
		C32D79C42F57A609002717FA /* MPVKit-GPL in Frameworks */ = {isa = PBXBuildFile; productRef = C32D79C32F57A609002717FA /* MPVKit-GPL */; };
		C3B0F9862F5726B30064596E /* RealityKitContent in Frameworks */ = {isa = PBXBuildFile; productRef = C3B0F9852F5726B30064596E /* RealityKitContent */; };
		C3D4A1012F90000100DA0D16 /* DesignPreview/Assets.xcassets in Resources */ = {isa = PBXBuildFile; fileRef = C3D4A1002F90000100DA0D16 /* DesignPreview/Assets.xcassets */; };
/* End PBXBuildFile section */

/* Begin PBXContainerItemProxy section */
		E2E0000800000000DEADBEEF /* PBXContainerItemProxy */ = {
			isa = PBXContainerItemProxy;
			containerPortal = C3B0F9782F5726B30064596E /* Project object */;
			proxyType = 1;
			remoteGlobalIDString = C3B0F97F2F5726B30064596E;
			remoteInfo = XrPlayer;
		};
/* End PBXContainerItemProxy section */

/* Begin PBXCopyFilesBuildPhase section */
		A4C19FA12FD1000100AABBCC /* Embed Frameworks */ = {
			isa = PBXCopyFilesBuildPhase;
			buildActionMask = 2147483647;
			dstPath = "";
			dstSubfolderSpec = 10;
			files = (
				A4C19FA02FD1000100AABBCC /* AMSMB2 in Embed Frameworks */,
			);
			name = "Embed Frameworks";
			runOnlyForDeploymentPostprocessing = 0;
		};
		C3A35AAE2F85415E00DA0D16 /* Embed ExtensionKit Extensions */ = {
			isa = PBXCopyFilesBuildPhase;
			buildActionMask = 2147483647;
			dstPath = "$(EXTENSIONS_FOLDER_PATH)";
			dstSubfolderSpec = 16;
			files = (
			);
			name = "Embed ExtensionKit Extensions";
			runOnlyForDeploymentPostprocessing = 0;
		};
/* End PBXCopyFilesBuildPhase section */

/* Begin PBXFileReference section */
		C3A35AB32F85429300DA0D16 /* DesignPreview.app */ = {isa = PBXFileReference; explicitFileType = wrapper.application; includeInIndex = 0; path = DesignPreview.app; sourceTree = BUILT_PRODUCTS_DIR; };
		C3B0F9802F5726B30064596E /* XrPlayer.app */ = {isa = PBXFileReference; explicitFileType = wrapper.application; includeInIndex = 0; path = XrPlayer.app; sourceTree = BUILT_PRODUCTS_DIR; };
		C3B0F9842F5726B30064596E /* RealityKitContent */ = {isa = PBXFileReference; lastKnownFileType = wrapper; path = RealityKitContent; sourceTree = "<group>"; };
		C3D4A1002F90000100DA0D16 /* DesignPreview/Assets.xcassets */ = {isa = PBXFileReference; lastKnownFileType = folder.assetcatalog; path = DesignPreview/Assets.xcassets; sourceTree = "<group>"; };
		E2E0000200000000DEADBEEF /* XrPlayerUITests.xctest */ = {isa = PBXFileReference; explicitFileType = wrapper.cfbundle; includeInIndex = 0; path = XrPlayerUITests.xctest; sourceTree = BUILT_PRODUCTS_DIR; };
/* End PBXFileReference section */

/* Begin PBXFileSystemSynchronizedBuildFileExceptionSet section */
		C3A35AC72F85434200DA0D16 /* Exceptions for "XrPlayer" folder in "DesignPreview" target */ = {
			isa = PBXFileSystemSynchronizedBuildFileExceptionSet;
			membershipExceptions = (
				Shared/Components/SharedComponents.swift,
				Shared/Components/SourceSidebar.swift,
				Shared/DesignSystem/DesignTokens.swift,
				"Shared/DesignSystem/View+EnchronGlass.swift",
				"Shared/DesignSystem/View+PressFeedback.swift",
			);
			target = C3A35AB22F85429300DA0D16 /* DesignPreview */;
		};
		C3A35ACF2F85C29900DA0D16 /* Exceptions for "DesignPreview" folder in "DesignPreview" target */ = {
			isa = PBXFileSystemSynchronizedBuildFileExceptionSet;
			membershipExceptions = (
				ComponentLibrary.swift,
				ContentView.swift,
				DesignComps/DesignCompsPreviewGallery.swift,
				DesignComps/Pages/Environment/CampEnvironmentPage.swift,
				DesignComps/Pages/Environment/SenseZoneVolumeRoot.swift,
				DesignComps/Pages/Home/HomeFirstLaunchPage.swift,
				DesignComps/Pages/Player/WindowPlaybackPage.swift,
				DesignComps/Pages/Settings/SettingsPage.swift,
				DesignComps/Windows/EmptyPanelWindowContent.swift,
				DesignPreviewApp.swift,
				DesignPreviewNavigationModel.swift,
				DesignPreviewRoot.swift,
			);
			target = C3A35AB22F85429300DA0D16 /* DesignPreview */;
		};
/* End PBXFileSystemSynchronizedBuildFileExceptionSet section */

/* Begin PBXFileSystemSynchronizedRootGroup section */
		C3A35AA12F85415E00DA0D16 /* DesignPreview */ = {
			isa = PBXFileSystemSynchronizedRootGroup;
			exceptions = (
				C3A35ACF2F85C29900DA0D16 /* Exceptions for "DesignPreview" folder in "DesignPreview" target */,
			);
			path = DesignPreview;
			sourceTree = "<group>";
		};
		C3B0F9822F5726B30064596E /* XrPlayer */ = {
			isa = PBXFileSystemSynchronizedRootGroup;
			exceptions = (
				C3A35AC72F85434200DA0D16 /* Exceptions for "XrPlayer" folder in "DesignPreview" target */,
			);
			path = XrPlayer;
			sourceTree = "<group>";
		};
		E2E0000C00000000DEADBEEF /* XrPlayerUITests */ = {
			isa = PBXFileSystemSynchronizedRootGroup;
			path = XrPlayerUITests;
			sourceTree = "<group>";
		};
/* End PBXFileSystemSynchronizedRootGroup section */

/* Begin PBXFrameworksBuildPhase section */
		C3A35AB02F85429300DA0D16 /* Frameworks */ = {
			isa = PBXFrameworksBuildPhase;
			buildActionMask = 2147483647;
			files = (
			);
			runOnlyForDeploymentPostprocessing = 0;
		};
		C3B0F97D2F5726B30064596E /* Frameworks */ = {
			isa = PBXFrameworksBuildPhase;
			buildActionMask = 2147483647;
			files = (
				A4C19F9F2FD1000100AABBCC /* AMSMB2 in Frameworks */,
				C32D79C42F57A609002717FA /* MPVKit-GPL in Frameworks */,
				C3B0F9862F5726B30064596E /* RealityKitContent in Frameworks */,
			);
			runOnlyForDeploymentPostprocessing = 0;
		};
		E2E0000500000000DEADBEEF /* Frameworks */ = {
			isa = PBXFrameworksBuildPhase;
			buildActionMask = 2147483647;
			files = (
			);
			runOnlyForDeploymentPostprocessing = 0;
		};
/* End PBXFrameworksBuildPhase section */

/* Begin PBXGroup section */
		C38F115C2FC16A0700843A5C /* Recovered References */ = {
			isa = PBXGroup;
			children = (
				C3D4A1002F90000100DA0D16 /* DesignPreview/Assets.xcassets */,
			);
			name = "Recovered References";
			sourceTree = "<group>";
		};
		C3B0F9772F5726B30064596E = {
			isa = PBXGroup;
			children = (
				C3B0F9822F5726B30064596E /* XrPlayer */,
				C3B0F9832F5726B30064596E /* Packages */,
				C3A35AA12F85415E00DA0D16 /* DesignPreview */,
				E2E0000C00000000DEADBEEF /* XrPlayerUITests */,
				C3B0F9812F5726B30064596E /* Products */,
				C38F115C2FC16A0700843A5C /* Recovered References */,
			);
			sourceTree = "<group>";
		};
		C3B0F9812F5726B30064596E /* Products */ = {
			isa = PBXGroup;
			children = (
				C3B0F9802F5726B30064596E /* XrPlayer.app */,
				E2E0000200000000DEADBEEF /* XrPlayerUITests.xctest */,
				C3A35AB32F85429300DA0D16 /* DesignPreview.app */,
			);
			name = Products;
			sourceTree = "<group>";
		};
		C3B0F9832F5726B30064596E /* Packages */ = {
			isa = PBXGroup;
			children = (
				C3B0F9842F5726B30064596E /* RealityKitContent */,
			);
			path = Packages;
			sourceTree = "<group>";
		};
/* End PBXGroup section */

/* Begin PBXNativeTarget section */
		C3A35AB22F85429300DA0D16 /* DesignPreview */ = {
			isa = PBXNativeTarget;
			buildConfigurationList = C3A35ABF2F85429300DA0D16 /* Build configuration list for PBXNativeTarget "DesignPreview" */;
			buildPhases = (
				C3A35AAF2F85429300DA0D16 /* Sources */,
				C3A35AB02F85429300DA0D16 /* Frameworks */,
				C3A35AB12F85429300DA0D16 /* Resources */,
			);
			buildRules = (
			);
			dependencies = (
			);
			name = DesignPreview;
			packageProductDependencies = (
			);
			productName = DesignPreview;
			productReference = C3A35AB32F85429300DA0D16 /* DesignPreview.app */;
			productType = "com.apple.product-type.application";
		};
		C3B0F97F2F5726B30064596E /* XrPlayer */ = {
			isa = PBXNativeTarget;
			buildConfigurationList = C3B0F9992F5726B40064596E /* Build configuration list for PBXNativeTarget "XrPlayer" */;
			buildPhases = (
				C3B0F97C2F5726B30064596E /* Sources */,
				C3B0F97D2F5726B30064596E /* Frameworks */,
				A4C19FA12FD1000100AABBCC /* Embed Frameworks */,
				C3B0F97E2F5726B30064596E /* Resources */,
				A1B2C3D42F600000DEADBEEF /* SwiftLint */,
				C3A35AAE2F85415E00DA0D16 /* Embed ExtensionKit Extensions */,
			);
			buildRules = (
			);
			dependencies = (
			);
			fileSystemSynchronizedGroups = (
				C3B0F9822F5726B30064596E /* XrPlayer */,
			);
			name = XrPlayer;
			packageProductDependencies = (
				A4C19F9E2FD1000100AABBCC /* AMSMB2 */,
				C3B0F9852F5726B30064596E /* RealityKitContent */,
				C32D79C32F57A609002717FA /* MPVKit-GPL */,
			);
			productName = XrPlayer;
			productReference = C3B0F9802F5726B30064596E /* XrPlayer.app */;
			productType = "com.apple.product-type.application";
		};
		E2E0000100000000DEADBEEF /* XrPlayerUITests */ = {
			isa = PBXNativeTarget;
			buildConfigurationList = E2E0000B00000000DEADBEEF /* Build configuration list for PBXNativeTarget "XrPlayerUITests" */;
			buildPhases = (
				E2E0000400000000DEADBEEF /* Sources */,
				E2E0000500000000DEADBEEF /* Frameworks */,
				E2E0000600000000DEADBEEF /* Resources */,
			);
			buildRules = (
			);
			dependencies = (
				E2E0000700000000DEADBEEF /* PBXTargetDependency */,
			);
			fileSystemSynchronizedGroups = (
				E2E0000C00000000DEADBEEF /* XrPlayerUITests */,
			);
			name = XrPlayerUITests;
			productName = XrPlayerUITests;
			productReference = E2E0000200000000DEADBEEF /* XrPlayerUITests.xctest */;
			productType = "com.apple.product-type.bundle.ui-testing";
		};
/* End PBXNativeTarget section */

/* Begin PBXProject section */
		C3B0F9782F5726B30064596E /* Project object */ = {
			isa = PBXProject;
			attributes = {
				BuildIndependentTargetsInParallel = 1;
				LastSwiftUpdateCheck = 2620;
				LastUpgradeCheck = 2620;
				TargetAttributes = {
					C3A35AB22F85429300DA0D16 = {
						CreatedOnToolsVersion = 26.2;
					};
					C3B0F97F2F5726B30064596E = {
						CreatedOnToolsVersion = 26.2;
					};
					E2E0000100000000DEADBEEF = {
						CreatedOnToolsVersion = 26.2;
						TestTargetID = C3B0F97F2F5726B30064596E;
					};
				};
			};
			buildConfigurationList = C3B0F97B2F5726B30064596E /* Build configuration list for PBXProject "XrPlayer" */;
			developmentRegion = en;
			hasScannedForEncodings = 0;
			knownRegions = (
				en,
				Base,
			);
			mainGroup = C3B0F9772F5726B30064596E;
			minimizedProjectReferenceProxies = 1;
			packageReferences = (
				A4C19F9D2FD1000100AABBCC /* XCRemoteSwiftPackageReference "AMSMB2" */,
				C32D79C02F57A609002717FA /* XCRemoteSwiftPackageReference "MPVKit" */,
				C3D4A1022F90000200DA0D16 /* XCLocalSwiftPackageReference "Packages/RealityKitContent" */,
			);
			preferredProjectObjectVersion = 77;
			productRefGroup = C3B0F9812F5726B30064596E /* Products */;
			projectDirPath = "";
			projectRoot = "";
			targets = (
				C3B0F97F2F5726B30064596E /* XrPlayer */,
				E2E0000100000000DEADBEEF /* XrPlayerUITests */,
				C3A35AB22F85429300DA0D16 /* DesignPreview */,
			);
		};
/* End PBXProject section */

/* Begin PBXResourcesBuildPhase section */
		C3A35AB12F85429300DA0D16 /* Resources */ = {
			isa = PBXResourcesBuildPhase;
			buildActionMask = 2147483647;
			files = (
				C3D4A1012F90000100DA0D16 /* DesignPreview/Assets.xcassets in Resources */,
			);
			runOnlyForDeploymentPostprocessing = 0;
		};
		C3B0F97E2F5726B30064596E /* Resources */ = {
			isa = PBXResourcesBuildPhase;
			buildActionMask = 2147483647;
			files = (
			);
			runOnlyForDeploymentPostprocessing = 0;
		};
		E2E0000600000000DEADBEEF /* Resources */ = {
			isa = PBXResourcesBuildPhase;
			buildActionMask = 2147483647;
			files = (
			);
			runOnlyForDeploymentPostprocessing = 0;
		};
/* End PBXResourcesBuildPhase section */

/* Begin PBXShellScriptBuildPhase section */
		A1B2C3D42F600000DEADBEEF /* SwiftLint */ = {
			isa = PBXShellScriptBuildPhase;
			alwaysOutOfDate = 1;
			buildActionMask = 2147483647;
			files = (
			);
			inputFileListPaths = (
			);
			inputPaths = (
			);
			name = SwiftLint;
			outputFileListPaths = (
			);
			outputPaths = (
			);
			runOnlyForDeploymentPostprocessing = 0;
			shellPath = /bin/sh;
			shellScript = "if command -v swiftlint >/dev/null 2>&1; then\n  swiftlint lint --quiet\nelse\n  echo \"warning: SwiftLint not installed, run 'brew install swiftlint'\"\nfi\n";
		};
/* End PBXShellScriptBuildPhase section */

/* Begin PBXSourcesBuildPhase section */
		C3A35AAF2F85429300DA0D16 /* Sources */ = {
			isa = PBXSourcesBuildPhase;
			buildActionMask = 2147483647;
			files = (
			);
			runOnlyForDeploymentPostprocessing = 0;
		};
		C3B0F97C2F5726B30064596E /* Sources */ = {
			isa = PBXSourcesBuildPhase;
			buildActionMask = 2147483647;
			files = (
			);
			runOnlyForDeploymentPostprocessing = 0;
		};
		E2E0000400000000DEADBEEF /* Sources */ = {
			isa = PBXSourcesBuildPhase;
			buildActionMask = 2147483647;
			files = (
			);
			runOnlyForDeploymentPostprocessing = 0;
		};
/* End PBXSourcesBuildPhase section */

/* Begin PBXTargetDependency section */
		E2E0000700000000DEADBEEF /* PBXTargetDependency */ = {
			isa = PBXTargetDependency;
			target = C3B0F97F2F5726B30064596E /* XrPlayer */;
			targetProxy = E2E0000800000000DEADBEEF /* PBXContainerItemProxy */;
		};
/* End PBXTargetDependency section */

/* Begin XCBuildConfiguration section */
		C3A35AC02F85429300DA0D16 /* Debug */ = {
			isa = XCBuildConfiguration;
			buildSettings = {
				ASSETCATALOG_COMPILER_APPICON_NAME = AppIcon;
				ASSETCATALOG_COMPILER_GLOBAL_ACCENT_COLOR_NAME = AccentColor;
				CODE_SIGN_STYLE = Automatic;
				CURRENT_PROJECT_VERSION = 1;
				DEVELOPMENT_TEAM = JFLYK8F636;
				ENABLE_PREVIEWS = YES;
				ENABLE_USER_SCRIPT_SANDBOXING = YES;
				GENERATE_INFOPLIST_FILE = YES;
				INFOPLIST_FILE = "$(TARGET_NAME)/Info.plist";
				LD_RUNPATH_SEARCH_PATHS = (
					"$(inherited)",
					"@executable_path/Frameworks",
				);
				MARKETING_VERSION = 1.0;
				PRODUCT_BUNDLE_IDENTIFIER = com.xiongzhipeng.XrPlayer.DesignPreview;
				PRODUCT_NAME = "$(TARGET_NAME)";
				STRING_CATALOG_GENERATE_SYMBOLS = YES;
				SUPPORTED_PLATFORMS = "xros xrsimulator";
				SWIFT_APPROACHABLE_CONCURRENCY = YES;
				SWIFT_DEFAULT_ACTOR_ISOLATION = MainActor;
				SWIFT_EMIT_LOC_STRINGS = YES;
				SWIFT_UPCOMING_FEATURE_MEMBER_IMPORT_VISIBILITY = YES;
				SWIFT_VERSION = 6.0;
				TARGETED_DEVICE_FAMILY = 7;
			};
			name = Debug;
		};
		C3A35AC12F85429300DA0D16 /* Release */ = {
			isa = XCBuildConfiguration;
			buildSettings = {
				ASSETCATALOG_COMPILER_APPICON_NAME = AppIcon;
				ASSETCATALOG_COMPILER_GLOBAL_ACCENT_COLOR_NAME = AccentColor;
				CODE_SIGN_STYLE = Automatic;
				CURRENT_PROJECT_VERSION = 1;
				DEVELOPMENT_TEAM = JFLYK8F636;
				ENABLE_PREVIEWS = YES;
				GENERATE_INFOPLIST_FILE = YES;
				INFOPLIST_FILE = "$(TARGET_NAME)/Info.plist";
				LD_RUNPATH_SEARCH_PATHS = (
					"$(inherited)",
					"@executable_path/Frameworks",
				);
				MARKETING_VERSION = 1.0;
				PRODUCT_BUNDLE_IDENTIFIER = com.xiongzhipeng.XrPlayer.DesignPreview;
				PRODUCT_NAME = "$(TARGET_NAME)";
				STRING_CATALOG_GENERATE_SYMBOLS = YES;
				SUPPORTED_PLATFORMS = "xros xrsimulator";
				SWIFT_APPROACHABLE_CONCURRENCY = YES;
				SWIFT_DEFAULT_ACTOR_ISOLATION = MainActor;
				SWIFT_EMIT_LOC_STRINGS = YES;
				SWIFT_UPCOMING_FEATURE_MEMBER_IMPORT_VISIBILITY = YES;
				SWIFT_VERSION = 6.0;
				TARGETED_DEVICE_FAMILY = 7;
			};
			name = Release;
		};
		C3B0F99A2F5726B40064596E /* Debug */ = {
			isa = XCBuildConfiguration;
			buildSettings = {
				ASSETCATALOG_COMPILER_APPICON_NAME = AppIcon;
				ASSETCATALOG_COMPILER_GLOBAL_ACCENT_COLOR_NAME = AccentColor;
				CODE_SIGN_IDENTITY = "Apple Development";
				CODE_SIGN_STYLE = Automatic;
				CURRENT_PROJECT_VERSION = 1;
				DEVELOPMENT_TEAM = JFLYK8F636;
				ENABLE_PREVIEWS = YES;
				"EXCLUDED_ARCHS[sdk=xrsimulator*]" = x86_64;
				GENERATE_INFOPLIST_FILE = NO;
				INFOPLIST_FILE = "Config/XrPlayer-Info.plist";
				LD_RUNPATH_SEARCH_PATHS = (
					"$(inherited)",
					"@executable_path/Frameworks",
				);
				MARKETING_VERSION = 1.0;
				PRODUCT_BUNDLE_IDENTIFIER = com.xiongzhipeng.XrPlayer;
				PRODUCT_NAME = "$(TARGET_NAME)";
				PROVISIONING_PROFILE_SPECIFIER = "";
				STRING_CATALOG_GENERATE_SYMBOLS = YES;
				SUPPORTED_PLATFORMS = "xros xrsimulator";
				SWIFT_APPROACHABLE_CONCURRENCY = YES;
				SWIFT_DEFAULT_ACTOR_ISOLATION = MainActor;
				SWIFT_EMIT_LOC_STRINGS = YES;
				SWIFT_OBJC_BRIDGING_HEADER = "XrPlayer/XrPlayer-Bridging-Header.h";
				SWIFT_UPCOMING_FEATURE_MEMBER_IMPORT_VISIBILITY = YES;
				SWIFT_VERSION = 6.0;
				TARGETED_DEVICE_FAMILY = 7;
			};
			name = Debug;
		};
		C3B0F99B2F5726B40064596E /* Release */ = {
			isa = XCBuildConfiguration;
			buildSettings = {
				ASSETCATALOG_COMPILER_APPICON_NAME = AppIcon;
				ASSETCATALOG_COMPILER_GLOBAL_ACCENT_COLOR_NAME = AccentColor;
				CODE_SIGN_IDENTITY = "Apple Development";
				CODE_SIGN_STYLE = Automatic;
				CURRENT_PROJECT_VERSION = 1;
				DEVELOPMENT_TEAM = JFLYK8F636;
				ENABLE_PREVIEWS = YES;
				"EXCLUDED_ARCHS[sdk=xrsimulator*]" = x86_64;
				GENERATE_INFOPLIST_FILE = NO;
				INFOPLIST_FILE = "Config/XrPlayer-Info.plist";
				LD_RUNPATH_SEARCH_PATHS = (
					"$(inherited)",
					"@executable_path/Frameworks",
				);
				MARKETING_VERSION = 1.0;
				PRODUCT_BUNDLE_IDENTIFIER = com.xiongzhipeng.XrPlayer;
				PRODUCT_NAME = "$(TARGET_NAME)";
				PROVISIONING_PROFILE_SPECIFIER = "";
				STRING_CATALOG_GENERATE_SYMBOLS = YES;
				SUPPORTED_PLATFORMS = "xros xrsimulator";
				SWIFT_APPROACHABLE_CONCURRENCY = YES;
				SWIFT_DEFAULT_ACTOR_ISOLATION = MainActor;
				SWIFT_EMIT_LOC_STRINGS = YES;
				SWIFT_OBJC_BRIDGING_HEADER = "XrPlayer/XrPlayer-Bridging-Header.h";
				SWIFT_UPCOMING_FEATURE_MEMBER_IMPORT_VISIBILITY = YES;
				SWIFT_VERSION = 6.0;
				TARGETED_DEVICE_FAMILY = 7;
			};
			name = Release;
		};
		C3B0F99C2F5726B40064596E /* Debug */ = {
			isa = XCBuildConfiguration;
			buildSettings = {
				ALWAYS_SEARCH_USER_PATHS = NO;
				ASSETCATALOG_COMPILER_GENERATE_SWIFT_ASSET_SYMBOL_EXTENSIONS = YES;
				CLANG_ANALYZER_NONNULL = YES;
				CLANG_ANALYZER_NUMBER_OBJECT_CONVERSION = YES_AGGRESSIVE;
				CLANG_CXX_LANGUAGE_STANDARD = "gnu++20";
				CLANG_ENABLE_MODULES = YES;
				CLANG_ENABLE_OBJC_ARC = YES;
				CLANG_ENABLE_OBJC_WEAK = YES;
				CLANG_WARN_BLOCK_CAPTURE_AUTORELEASING = YES;
				CLANG_WARN_BOOL_CONVERSION = YES;
				CLANG_WARN_COMMA = YES;
				CLANG_WARN_CONSTANT_CONVERSION = YES;
				CLANG_WARN_DEPRECATED_OBJC_IMPLEMENTATIONS = YES;
				CLANG_WARN_DIRECT_OBJC_ISA_USAGE = YES_ERROR;
				CLANG_WARN_DOCUMENTATION_COMMENTS = YES;
				CLANG_WARN_EMPTY_BODY = YES;
				CLANG_WARN_ENUM_CONVERSION = YES;
				CLANG_WARN_INFINITE_RECURSION = YES;
				CLANG_WARN_INT_CONVERSION = YES;
				CLANG_WARN_NON_LITERAL_NULL_CONVERSION = YES;
				CLANG_WARN_OBJC_IMPLICIT_RETAIN_SELF = YES;
				CLANG_WARN_OBJC_LITERAL_CONVERSION = YES;
				CLANG_WARN_OBJC_ROOT_CLASS = YES_ERROR;
				CLANG_WARN_QUOTED_INCLUDE_IN_FRAMEWORK_HEADER = YES;
				CLANG_WARN_RANGE_LOOP_ANALYSIS = YES;
				CLANG_WARN_STRICT_PROTOTYPES = YES;
				CLANG_WARN_SUSPICIOUS_MOVE = YES;
				CLANG_WARN_UNGUARDED_AVAILABILITY = YES_AGGRESSIVE;
				CLANG_WARN_UNREACHABLE_CODE = YES;
				CLANG_WARN__DUPLICATE_METHOD_MATCH = YES;
				COPY_PHASE_STRIP = NO;
				DEBUG_INFORMATION_FORMAT = dwarf;
				DEVELOPMENT_TEAM = JFLYK8F636;
				ENABLE_STRICT_OBJC_MSGSEND = YES;
				ENABLE_TESTABILITY = YES;
				ENABLE_USER_SCRIPT_SANDBOXING = NO;
				GCC_C_LANGUAGE_STANDARD = gnu17;
				GCC_DYNAMIC_NO_PIC = NO;
				GCC_NO_COMMON_BLOCKS = YES;
				GCC_OPTIMIZATION_LEVEL = 0;
				GCC_PREPROCESSOR_DEFINITIONS = (
					"DEBUG=1",
					"$(inherited)",
				);
				GCC_WARN_64_TO_32_BIT_CONVERSION = YES;
				GCC_WARN_ABOUT_RETURN_TYPE = YES_ERROR;
				GCC_WARN_UNDECLARED_SELECTOR = YES;
				GCC_WARN_UNINITIALIZED_AUTOS = YES_AGGRESSIVE;
				GCC_WARN_UNUSED_FUNCTION = YES;
				GCC_WARN_UNUSED_VARIABLE = YES;
				LOCALIZATION_PREFERS_STRING_CATALOGS = YES;
				MTL_ENABLE_DEBUG_INFO = INCLUDE_SOURCE;
				MTL_FAST_MATH = YES;
				ONLY_ACTIVE_ARCH = YES;
				SDKROOT = xros;
				SWIFT_ACTIVE_COMPILATION_CONDITIONS = "DEBUG $(inherited)";
				SWIFT_OPTIMIZATION_LEVEL = "-Onone";
				XROS_DEPLOYMENT_TARGET = 26.2;
			};
			name = Debug;
		};
		C3B0F99D2F5726B40064596E /* Release */ = {
			isa = XCBuildConfiguration;
			buildSettings = {
				ALWAYS_SEARCH_USER_PATHS = NO;
				ASSETCATALOG_COMPILER_GENERATE_SWIFT_ASSET_SYMBOL_EXTENSIONS = YES;
				CLANG_ANALYZER_NONNULL = YES;
				CLANG_ANALYZER_NUMBER_OBJECT_CONVERSION = YES_AGGRESSIVE;
				CLANG_CXX_LANGUAGE_STANDARD = "gnu++20";
				CLANG_ENABLE_MODULES = YES;
				CLANG_ENABLE_OBJC_ARC = YES;
				CLANG_ENABLE_OBJC_WEAK = YES;
				CLANG_WARN_BLOCK_CAPTURE_AUTORELEASING = YES;
				CLANG_WARN_BOOL_CONVERSION = YES;
				CLANG_WARN_COMMA = YES;
				CLANG_WARN_CONSTANT_CONVERSION = YES;
				CLANG_WARN_DEPRECATED_OBJC_IMPLEMENTATIONS = YES;
				CLANG_WARN_DIRECT_OBJC_ISA_USAGE = YES_ERROR;
				CLANG_WARN_DOCUMENTATION_COMMENTS = YES;
				CLANG_WARN_EMPTY_BODY = YES;
				CLANG_WARN_ENUM_CONVERSION = YES;
				CLANG_WARN_INFINITE_RECURSION = YES;
				CLANG_WARN_INT_CONVERSION = YES;
				CLANG_WARN_NON_LITERAL_NULL_CONVERSION = YES;
				CLANG_WARN_OBJC_IMPLICIT_RETAIN_SELF = YES;
				CLANG_WARN_OBJC_LITERAL_CONVERSION = YES;
				CLANG_WARN_OBJC_ROOT_CLASS = YES_ERROR;
				CLANG_WARN_QUOTED_INCLUDE_IN_FRAMEWORK_HEADER = YES;
				CLANG_WARN_RANGE_LOOP_ANALYSIS = YES;
				CLANG_WARN_STRICT_PROTOTYPES = YES;
				CLANG_WARN_SUSPICIOUS_MOVE = YES;
				CLANG_WARN_UNGUARDED_AVAILABILITY = YES_AGGRESSIVE;
				CLANG_WARN_UNREACHABLE_CODE = YES;
				CLANG_WARN__DUPLICATE_METHOD_MATCH = YES;
				COPY_PHASE_STRIP = NO;
				DEBUG_INFORMATION_FORMAT = "dwarf-with-dsym";
				DEVELOPMENT_TEAM = JFLYK8F636;
				ENABLE_NS_ASSERTIONS = NO;
				ENABLE_STRICT_OBJC_MSGSEND = YES;
				ENABLE_USER_SCRIPT_SANDBOXING = YES;
				GCC_C_LANGUAGE_STANDARD = gnu17;
				GCC_NO_COMMON_BLOCKS = YES;
				GCC_WARN_64_TO_32_BIT_CONVERSION = YES;
				GCC_WARN_ABOUT_RETURN_TYPE = YES_ERROR;
				GCC_WARN_UNDECLARED_SELECTOR = YES;
				GCC_WARN_UNINITIALIZED_AUTOS = YES_AGGRESSIVE;
				GCC_WARN_UNUSED_FUNCTION = YES;
				GCC_WARN_UNUSED_VARIABLE = YES;
				LOCALIZATION_PREFERS_STRING_CATALOGS = YES;
				MTL_ENABLE_DEBUG_INFO = NO;
				MTL_FAST_MATH = YES;
				SDKROOT = xros;
				SWIFT_COMPILATION_MODE = wholemodule;
				VALIDATE_PRODUCT = YES;
				XROS_DEPLOYMENT_TARGET = 26.2;
			};
			name = Release;
		};
		E2E0000900000000DEADBEEF /* Debug */ = {
			isa = XCBuildConfiguration;
			buildSettings = {
				CODE_SIGN_STYLE = Automatic;
				CURRENT_PROJECT_VERSION = 1;
				DEVELOPMENT_TEAM = JFLYK8F636;
				GENERATE_INFOPLIST_FILE = YES;
				MARKETING_VERSION = 1.0;
				PRODUCT_BUNDLE_IDENTIFIER = com.xiongzhipeng.XrPlayerUITests;
				PRODUCT_NAME = "$(TARGET_NAME)";
				SUPPORTED_PLATFORMS = "xros xrsimulator";
				SWIFT_APPROACHABLE_CONCURRENCY = YES;
				SWIFT_DEFAULT_ACTOR_ISOLATION = MainActor;
				SWIFT_EMIT_LOC_STRINGS = NO;
				SWIFT_VERSION = 6.0;
				TARGETED_DEVICE_FAMILY = 7;
				TEST_TARGET_NAME = XrPlayer;
				XROS_DEPLOYMENT_TARGET = 26.2;
			};
			name = Debug;
		};
		E2E0000A00000000DEADBEEF /* Release */ = {
			isa = XCBuildConfiguration;
			buildSettings = {
				CODE_SIGN_STYLE = Automatic;
				CURRENT_PROJECT_VERSION = 1;
				DEVELOPMENT_TEAM = JFLYK8F636;
				GENERATE_INFOPLIST_FILE = YES;
				MARKETING_VERSION = 1.0;
				PRODUCT_BUNDLE_IDENTIFIER = com.xiongzhipeng.XrPlayerUITests;
				PRODUCT_NAME = "$(TARGET_NAME)";
				SUPPORTED_PLATFORMS = "xros xrsimulator";
				SWIFT_APPROACHABLE_CONCURRENCY = YES;
				SWIFT_DEFAULT_ACTOR_ISOLATION = MainActor;
				SWIFT_EMIT_LOC_STRINGS = NO;
				SWIFT_VERSION = 6.0;
				TARGETED_DEVICE_FAMILY = 7;
				TEST_TARGET_NAME = XrPlayer;
				XROS_DEPLOYMENT_TARGET = 26.2;
			};
			name = Release;
		};
/* End XCBuildConfiguration section */

/* Begin XCConfigurationList section */
		C3A35ABF2F85429300DA0D16 /* Build configuration list for PBXNativeTarget "DesignPreview" */ = {
			isa = XCConfigurationList;
			buildConfigurations = (
				C3A35AC02F85429300DA0D16 /* Debug */,
				C3A35AC12F85429300DA0D16 /* Release */,
			);
			defaultConfigurationIsVisible = 0;
			defaultConfigurationName = Release;
		};
		C3B0F97B2F5726B30064596E /* Build configuration list for PBXProject "XrPlayer" */ = {
			isa = XCConfigurationList;
			buildConfigurations = (
				C3B0F99C2F5726B40064596E /* Debug */,
				C3B0F99D2F5726B40064596E /* Release */,
			);
			defaultConfigurationIsVisible = 0;
			defaultConfigurationName = Release;
		};
		C3B0F9992F5726B40064596E /* Build configuration list for PBXNativeTarget "XrPlayer" */ = {
			isa = XCConfigurationList;
			buildConfigurations = (
				C3B0F99A2F5726B40064596E /* Debug */,
				C3B0F99B2F5726B40064596E /* Release */,
			);
			defaultConfigurationIsVisible = 0;
			defaultConfigurationName = Release;
		};
		E2E0000B00000000DEADBEEF /* Build configuration list for PBXNativeTarget "XrPlayerUITests" */ = {
			isa = XCConfigurationList;
			buildConfigurations = (
				E2E0000900000000DEADBEEF /* Debug */,
				E2E0000A00000000DEADBEEF /* Release */,
			);
			defaultConfigurationIsVisible = 0;
			defaultConfigurationName = Release;
		};
/* End XCConfigurationList section */

/* Begin XCLocalSwiftPackageReference section */
		C3D4A1022F90000200DA0D16 /* XCLocalSwiftPackageReference "Packages/RealityKitContent" */ = {
			isa = XCLocalSwiftPackageReference;
			relativePath = Packages/RealityKitContent;
		};
/* End XCLocalSwiftPackageReference section */

/* Begin XCRemoteSwiftPackageReference section */
		A4C19F9D2FD1000100AABBCC /* XCRemoteSwiftPackageReference "AMSMB2" */ = {
			isa = XCRemoteSwiftPackageReference;
			repositoryURL = "https://github.com/amosavian/AMSMB2.git";
			requirement = {
				kind = upToNextMajorVersion;
				minimumVersion = 4.0.3;
			};
		};
		C32D79C02F57A609002717FA /* XCRemoteSwiftPackageReference "MPVKit" */ = {
			isa = XCRemoteSwiftPackageReference;
			repositoryURL = "https://github.com/mpvkit/MPVKit.git";
			requirement = {
				kind = upToNextMajorVersion;
				minimumVersion = 0.41.0;
			};
		};
/* End XCRemoteSwiftPackageReference section */

/* Begin XCSwiftPackageProductDependency section */
		A4C19F9E2FD1000100AABBCC /* AMSMB2 */ = {
			isa = XCSwiftPackageProductDependency;
			package = A4C19F9D2FD1000100AABBCC /* XCRemoteSwiftPackageReference "AMSMB2" */;
			productName = AMSMB2;
		};
		C32D79C32F57A609002717FA /* MPVKit-GPL */ = {
			isa = XCSwiftPackageProductDependency;
			package = C32D79C02F57A609002717FA /* XCRemoteSwiftPackageReference "MPVKit" */;
			productName = "MPVKit-GPL";
		};
		C3B0F9852F5726B30064596E /* RealityKitContent */ = {
			isa = XCSwiftPackageProductDependency;
			package = C3D4A1022F90000200DA0D16 /* XCLocalSwiftPackageReference "Packages/RealityKitContent" */;
			productName = RealityKitContent;
		};
/* End XCSwiftPackageProductDependency section */
	};
	rootObject = C3B0F9782F5726B30064596E /* Project object */;
}
